{
    "_meta": {
        "hash": {
            "sha256": "7e435bb4098f5077706ee2d709f718fd904471d710c5f2883503356aee39ed84"
        },
        "pipfile-spec": 6,
        "requires": {
            "python_version": "3.13"
        },
        "sources": [
            {
                "name": "pypi",
                "url": "https://pypi.org/simple",
                "verify_ssl": true
            }
        ]
    },
    "default": {
        "asgiref": {
            "hashes": [
                "sha256:3e1e3ecc849832fe52ccf2cb6686b7a55f82bb1d6aee72a58826471390335e47",
                "sha256:c343bd80a0bec947a9860adb4c432ffa7db769836c64238fc34bdc3fec84d590"
            ],
            "markers": "python_version >= '3.8'",
            "version": "==3.8.1"
        },
        "django": {
            "hashes": [
                "sha256:8b38a9a12da3ae00cb0ba72da985ec4b14de6345046b1e174b1fd7254398f818",
                "sha256:c0fa0e619c39325a169208caef234f90baa925227032ad3f44842ba14d75234a"
            ],
            "index": "pypi",
            "markers": "python_version >= '3.10'",
            "version": "==5.1.3"
        },
        "django-bootstrap5": {
            "hashes": [
                "sha256:98f7916f9f7f9c34dfe157f7c062a28ebf6d17ff95307bef260ba794ba34e2a0",
                "sha256:ca5ec5568fc2a3fc239f0cb8ce41a7df3802b8c4af930d7f64451784ec7ddc16"
            ],
            "index": "pypi",
            "markers": "python_version >= '3.8'",
            "version": "==24.3"
        },
        "fontawesomefree": {
            "hashes": [
                "sha256:599b574431c9bd92ed5fc054d1045a07c42335da36c17884f2b934755eef9089"
            ],
            "index": "pypi",
            "version": "==6.6.0"
        },
        "gunicorn": {
            "hashes": [
                "sha256:ec400d38950de4dfd418cff8328b2c8faed0edb0d517d3394e457c317908ca4d",
                "sha256:f014447a0101dc57e294f6c18ca6b40227a4c90e9bdb586042628030cba004ec"
            ],
            "index": "pypi",
            "markers": "python_version >= '3.7'",
            "version": "==23.0.0"
        },
        "packaging": {
            "hashes": [
                "sha256:09abb1bccd265c01f4a3aa3f7a7db064b36514d2cba19a2f694fe6150451a759",
                "sha256:c228a6dc5e932d346bc5739379109d49e8853dd8223571c7c5b55260edc0b97f"
            ],
            "markers": "python_version >= '3.8'",
            "version": "==24.2"
        },
        "psycopg": {
            "hashes": [
                "sha256:644d3973fe26908c73d4be746074f6e5224b03c1101d302d9a53bf565ad64907",
                "sha256:a5764f67c27bec8bfac85764d23c534af2c27b893550377e37ce59c12aac47a2"
            ],
            "index": "pypi",
            "markers": "python_version >= '3.8'",
            "version": "==3.2.3"
        },
        "python-decouple": {
            "hashes": [
                "sha256:ba6e2657d4f376ecc46f77a3a615e058d93ba5e465c01bbe57289bfb7cce680f",
                "sha256:d0d45340815b25f4de59c974b855bb38d03151d81b037d9e3f463b0c9f8cbd66"
            ],
            "index": "pypi",
            "version": "==3.8"
        },
        "sqlparse": {
            "hashes": [
                "sha256:773dcbf9a5ab44a090f3441e2180efe2560220203dc2f8c0b0fa141e18b505e4",
                "sha256:bb6b4df465655ef332548e24f08e205afc81b9ab86cb1c45657a7ff173a3a00e"
            ],
            "markers": "python_version >= '3.8'",
            "version": "==0.5.1"
        },
        "typing-extensions": {
            "hashes": [
                "sha256:04e5ca0351e0f3f85c6853954072df659d0d13fac324d0072316b67d7794700d",
                "sha256:1a7ead55c7e559dd4dee8856e3a88b41225abfe1ce8df57b7c13915fe121ffb8"
            ],
            "index": "pypi",
            "markers": "python_version >= '3.8'",
            "version": "==4.12.2"
        }
    },
    "develop": {}
}
